// !$*UTF8*$!
{
	archiveVersion = 1;
	classes = {
	};
	objectVersion = 46;
	objects = {

/* Begin PBXBuildFile section */
		DA1276FB1CCBD5F500A3F4EF /* AppDelegate.swift in Sources */ = {isa = PBXBuildFile; fileRef = DA1276FA1CCBD5F500A3F4EF /* AppDelegate.swift */; };
		DA1276FD1CCBD5F500A3F4EF /* ViewController.swift in Sources */ = {isa = PBXBuildFile; fileRef = DA1276FC1CCBD5F500A3F4EF /* ViewController.swift */; };
		DA1277001CCBD5F500A3F4EF /* Main.storyboard in Resources */ = {isa = PBXBuildFile; fileRef = DA1276FE1CCBD5F500A3F4EF /* Main.storyboard */; };
		DA1277021CCBD5F500A3F4EF /* Assets.xcassets in Resources */ = {isa = PBXBuildFile; fileRef = DA1277011CCBD5F500A3F4EF /* Assets.xcassets */; };
		DA1277051CCBD5F500A3F4EF /* LaunchScreen.storyboard in Resources */ = {isa = PBXBuildFile; fileRef = DA1277031CCBD5F500A3F4EF /* LaunchScreen.storyboard */; };
		DA1277101CCBD5F500A3F4EF /* Muse_of_MusicTests.swift in Sources */ = {isa = PBXBuildFile; fileRef = DA12770F1CCBD5F500A3F4EF /* Muse_of_MusicTests.swift */; };
		DA12771B1CCBD5F500A3F4EF /* Muse_of_MusicUITests.swift in Sources */ = {isa = PBXBuildFile; fileRef = DA12771A1CCBD5F500A3F4EF /* Muse_of_MusicUITests.swift */; };
		DA1277291CCBE85300A3F4EF /* VideosViewController.swift in Sources */ = {isa = PBXBuildFile; fileRef = DA1277281CCBE85300A3F4EF /* VideosViewController.swift */; };
		DA12772B1CCBF73300A3F4EF /* VideoListViewController.swift in Sources */ = {isa = PBXBuildFile; fileRef = DA12772A1CCBF73300A3F4EF /* VideoListViewController.swift */; };
		DA12772D1CCDBFB300A3F4EF /* musicNotation.sks in Resources */ = {isa = PBXBuildFile; fileRef = DA12772C1CCDBFB200A3F4EF /* musicNotation.sks */; };
		DA12772F1CCDC35300A3F4EF /* musicNotation.swift in Sources */ = {isa = PBXBuildFile; fileRef = DA12772E1CCDC35300A3F4EF /* musicNotation.swift */; };
		DA1277311CD1684A00A3F4EF /* circleOfFifthsViewController.swift in Sources */ = {isa = PBXBuildFile; fileRef = DA1277301CD1684A00A3F4EF /* circleOfFifthsViewController.swift */; };
		DAAAD2731CD464CF008E0F76 /* ScaleViewController.swift in Sources */ = {isa = PBXBuildFile; fileRef = DAAAD2721CD464CF008E0F76 /* ScaleViewController.swift */; };
		DAAAD2751CD465AA008E0F76 /* AVTonePlayerUnit.swift in Sources */ = {isa = PBXBuildFile; fileRef = DAAAD2741CD465AA008E0F76 /* AVTonePlayerUnit.swift */; };
		DAAAD2771CD473E9008E0F76 /* AudioKit.framework in Frameworks */ = {isa = PBXBuildFile; fileRef = DAAAD2761CD473E9008E0F76 /* AudioKit.framework */; };
		DAAAD2781CD473E9008E0F76 /* AudioKit.framework in Embed Frameworks */ = {isa = PBXBuildFile; fileRef = DAAAD2761CD473E9008E0F76 /* AudioKit.framework */; settings = {ATTRIBUTES = (CodeSignOnCopy, RemoveHeadersOnCopy, ); }; };
		DAAAD2821CD5CF73008E0F76 /* AVFoundation.framework in Frameworks */ = {isa = PBXBuildFile; fileRef = DAAAD2811CD5CF73008E0F76 /* AVFoundation.framework */; };
		DAAAD2861CD5CFC5008E0F76 /* metronomeBeat.wav in Resources */ = {isa = PBXBuildFile; fileRef = DAAAD2841CD5CFC5008E0F76 /* metronomeBeat.wav */; };
		DAAAD2871CD5CFC5008E0F76 /* metronomeDownbeat.wav in Resources */ = {isa = PBXBuildFile; fileRef = DAAAD2851CD5CFC5008E0F76 /* metronomeDownbeat.wav */; };
		DAAAD2891CD70449008E0F76 /* MetronomeViewController.swift in Sources */ = {isa = PBXBuildFile; fileRef = DAAAD2881CD70449008E0F76 /* MetronomeViewController.swift */; };
/* End PBXBuildFile section */

/* Begin PBXContainerItemProxy section */
		DA12770C1CCBD5F500A3F4EF /* PBXContainerItemProxy */ = {
			isa = PBXContainerItemProxy;
			containerPortal = DA1276EF1CCBD5F500A3F4EF /* Project object */;
			proxyType = 1;
			remoteGlobalIDString = DA1276F61CCBD5F500A3F4EF;
			remoteInfo = "Muse of Music";
		};
		DA1277171CCBD5F500A3F4EF /* PBXContainerItemProxy */ = {
			isa = PBXContainerItemProxy;
			containerPortal = DA1276EF1CCBD5F500A3F4EF /* Project object */;
			proxyType = 1;
			remoteGlobalIDString = DA1276F61CCBD5F500A3F4EF;
			remoteInfo = "Muse of Music";
		};
/* End PBXContainerItemProxy section */

/* Begin PBXCopyFilesBuildPhase section */
		DAAAD2791CD473E9008E0F76 /* Embed Frameworks */ = {
			isa = PBXCopyFilesBuildPhase;
			buildActionMask = 2147483647;
			dstPath = "";
			dstSubfolderSpec = 10;
			files = (
				DAAAD2781CD473E9008E0F76 /* AudioKit.framework in Embed Frameworks */,
			);
			name = "Embed Frameworks";
			runOnlyForDeploymentPostprocessing = 0;
		};
/* End PBXCopyFilesBuildPhase section */

/* Begin PBXFileReference section */
		DA1276F71CCBD5F500A3F4EF /* Muse of Music.app */ = {isa = PBXFileReference; explicitFileType = wrapper.application; includeInIndex = 0; path = "Muse of Music.app"; sourceTree = BUILT_PRODUCTS_DIR; };
		DA1276FA1CCBD5F500A3F4EF /* AppDelegate.swift */ = {isa = PBXFileReference; lastKnownFileType = sourcecode.swift; path = AppDelegate.swift; sourceTree = "<group>"; };
		DA1276FC1CCBD5F500A3F4EF /* ViewController.swift */ = {isa = PBXFileReference; lastKnownFileType = sourcecode.swift; path = ViewController.swift; sourceTree = "<group>"; };
		DA1276FF1CCBD5F500A3F4EF /* Base */ = {isa = PBXFileReference; lastKnownFileType = file.storyboard; name = Base; path = Base.lproj/Main.storyboard; sourceTree = "<group>"; };
		DA1277011CCBD5F500A3F4EF /* Assets.xcassets */ = {isa = PBXFileReference; lastKnownFileType = folder.assetcatalog; path = Assets.xcassets; sourceTree = "<group>"; };
		DA1277041CCBD5F500A3F4EF /* Base */ = {isa = PBXFileReference; lastKnownFileType = file.storyboard; name = Base; path = Base.lproj/LaunchScreen.storyboard; sourceTree = "<group>"; };
		DA1277061CCBD5F500A3F4EF /* Info.plist */ = {isa = PBXFileReference; lastKnownFileType = text.plist.xml; path = Info.plist; sourceTree = "<group>"; };
		DA12770B1CCBD5F500A3F4EF /* Muse of MusicTests.xctest */ = {isa = PBXFileReference; explicitFileType = wrapper.cfbundle; includeInIndex = 0; path = "Muse of MusicTests.xctest"; sourceTree = BUILT_PRODUCTS_DIR; };
		DA12770F1CCBD5F500A3F4EF /* Muse_of_MusicTests.swift */ = {isa = PBXFileReference; lastKnownFileType = sourcecode.swift; path = Muse_of_MusicTests.swift; sourceTree = "<group>"; };
		DA1277111CCBD5F500A3F4EF /* Info.plist */ = {isa = PBXFileReference; lastKnownFileType = text.plist.xml; path = Info.plist; sourceTree = "<group>"; };
		DA1277161CCBD5F500A3F4EF /* Muse of MusicUITests.xctest */ = {isa = PBXFileReference; explicitFileType = wrapper.cfbundle; includeInIndex = 0; path = "Muse of MusicUITests.xctest"; sourceTree = BUILT_PRODUCTS_DIR; };
		DA12771A1CCBD5F500A3F4EF /* Muse_of_MusicUITests.swift */ = {isa = PBXFileReference; lastKnownFileType = sourcecode.swift; path = Muse_of_MusicUITests.swift; sourceTree = "<group>"; };
		DA12771C1CCBD5F500A3F4EF /* Info.plist */ = {isa = PBXFileReference; lastKnownFileType = text.plist.xml; path = Info.plist; sourceTree = "<group>"; };
		DA1277281CCBE85300A3F4EF /* VideosViewController.swift */ = {isa = PBXFileReference; fileEncoding = 4; lastKnownFileType = sourcecode.swift; path = VideosViewController.swift; sourceTree = "<group>"; };
		DA12772A1CCBF73300A3F4EF /* VideoListViewController.swift */ = {isa = PBXFileReference; fileEncoding = 4; lastKnownFileType = sourcecode.swift; path = VideoListViewController.swift; sourceTree = "<group>"; };
		DA12772C1CCDBFB200A3F4EF /* musicNotation.sks */ = {isa = PBXFileReference; lastKnownFileType = file.sks; path = musicNotation.sks; sourceTree = "<group>"; };
		DA12772E1CCDC35300A3F4EF /* musicNotation.swift */ = {isa = PBXFileReference; fileEncoding = 4; lastKnownFileType = sourcecode.swift; path = musicNotation.swift; sourceTree = "<group>"; };
		DA1277301CD1684A00A3F4EF /* circleOfFifthsViewController.swift */ = {isa = PBXFileReference; fileEncoding = 4; lastKnownFileType = sourcecode.swift; path = circleOfFifthsViewController.swift; sourceTree = "<group>"; };
		DAAAD2721CD464CF008E0F76 /* ScaleViewController.swift */ = {isa = PBXFileReference; fileEncoding = 4; lastKnownFileType = sourcecode.swift; name = ScaleViewController.swift; path = ../ScaleViewController.swift; sourceTree = "<group>"; };
		DAAAD2741CD465AA008E0F76 /* AVTonePlayerUnit.swift */ = {isa = PBXFileReference; fileEncoding = 4; lastKnownFileType = sourcecode.swift; path = AVTonePlayerUnit.swift; sourceTree = "<group>"; };
		DAAAD2761CD473E9008E0F76 /* AudioKit.framework */ = {isa = PBXFileReference; lastKnownFileType = wrapper.framework; path = AudioKit.framework; sourceTree = "<group>"; };
		DAAAD2811CD5CF73008E0F76 /* AVFoundation.framework */ = {isa = PBXFileReference; lastKnownFileType = wrapper.framework; name = AVFoundation.framework; path = System/Library/Frameworks/AVFoundation.framework; sourceTree = SDKROOT; };
		DAAAD2841CD5CFC5008E0F76 /* metronomeBeat.wav */ = {isa = PBXFileReference; lastKnownFileType = audio.wav; path = metronomeBeat.wav; sourceTree = "<group>"; };
		DAAAD2851CD5CFC5008E0F76 /* metronomeDownbeat.wav */ = {isa = PBXFileReference; lastKnownFileType = audio.wav; path = metronomeDownbeat.wav; sourceTree = "<group>"; };
		DAAAD2881CD70449008E0F76 /* MetronomeViewController.swift */ = {isa = PBXFileReference; fileEncoding = 4; lastKnownFileType = sourcecode.swift; path = MetronomeViewController.swift; sourceTree = "<group>"; };
/* End PBXFileReference section */

/* Begin PBXFrameworksBuildPhase section */
		DA1276F41CCBD5F500A3F4EF /* Frameworks */ = {
			isa = PBXFrameworksBuildPhase;
			buildActionMask = 2147483647;
			files = (
				DAAAD2821CD5CF73008E0F76 /* AVFoundation.framework in Frameworks */,
				DAAAD2771CD473E9008E0F76 /* AudioKit.framework in Frameworks */,
			);
			runOnlyForDeploymentPostprocessing = 0;
		};
		DA1277081CCBD5F500A3F4EF /* Frameworks */ = {
			isa = PBXFrameworksBuildPhase;
			buildActionMask = 2147483647;
			files = (
			);
			runOnlyForDeploymentPostprocessing = 0;
		};
		DA1277131CCBD5F500A3F4EF /* Frameworks */ = {
			isa = PBXFrameworksBuildPhase;
			buildActionMask = 2147483647;
			files = (
			);
			runOnlyForDeploymentPostprocessing = 0;
		};
/* End PBXFrameworksBuildPhase section */

/* Begin PBXGroup section */
		DA1276EE1CCBD5F500A3F4EF = {
			isa = PBXGroup;
			children = (
				DAAAD2811CD5CF73008E0F76 /* AVFoundation.framework */,
				DAAAD2761CD473E9008E0F76 /* AudioKit.framework */,
				DA1276F91CCBD5F500A3F4EF /* Muse of Music */,
				DA12770E1CCBD5F500A3F4EF /* Muse of MusicTests */,
				DA1277191CCBD5F500A3F4EF /* Muse of MusicUITests */,
				DA1276F81CCBD5F500A3F4EF /* Products */,
			);
			sourceTree = "<group>";
		};
		DA1276F81CCBD5F500A3F4EF /* Products */ = {
			isa = PBXGroup;
			children = (
				DA1276F71CCBD5F500A3F4EF /* Muse of Music.app */,
				DA12770B1CCBD5F500A3F4EF /* Muse of MusicTests.xctest */,
				DA1277161CCBD5F500A3F4EF /* Muse of MusicUITests.xctest */,
			);
			name = Products;
			sourceTree = "<group>";
		};
		DA1276F91CCBD5F500A3F4EF /* Muse of Music */ = {
			isa = PBXGroup;
			children = (
				DA1276FA1CCBD5F500A3F4EF /* AppDelegate.swift */,
				DA1276FC1CCBD5F500A3F4EF /* ViewController.swift */,
				DA1277281CCBE85300A3F4EF /* VideosViewController.swift */,
				DAAAD2721CD464CF008E0F76 /* ScaleViewController.swift */,
				DA1276FE1CCBD5F500A3F4EF /* Main.storyboard */,
				DAAAD2741CD465AA008E0F76 /* AVTonePlayerUnit.swift */,
				DAAAD2881CD70449008E0F76 /* MetronomeViewController.swift */,
				DA1277301CD1684A00A3F4EF /* circleOfFifthsViewController.swift */,
				DA12772E1CCDC35300A3F4EF /* musicNotation.swift */,
				DA12772C1CCDBFB200A3F4EF /* musicNotation.sks */,
				DA12772A1CCBF73300A3F4EF /* VideoListViewController.swift */,
				DA1277011CCBD5F500A3F4EF /* Assets.xcassets */,
				DAAAD2831CD5CFA5008E0F76 /* Sounds */,
				DA1277031CCBD5F500A3F4EF /* LaunchScreen.storyboard */,
				DA1277061CCBD5F500A3F4EF /* Info.plist */,
			);
			path = "Muse of Music";
			sourceTree = "<group>";
		};
		DA12770E1CCBD5F500A3F4EF /* Muse of MusicTests */ = {
			isa = PBXGroup;
			children = (
				DA12770F1CCBD5F500A3F4EF /* Muse_of_MusicTests.swift */,
				DA1277111CCBD5F500A3F4EF /* Info.plist */,
			);
			path = "Muse of MusicTests";
			sourceTree = "<group>";
		};
		DA1277191CCBD5F500A3F4EF /* Muse of MusicUITests */ = {
			isa = PBXGroup;
			children = (
				DA12771A1CCBD5F500A3F4EF /* Muse_of_MusicUITests.swift */,
				DA12771C1CCBD5F500A3F4EF /* Info.plist */,
			);
			path = "Muse of MusicUITests";
			sourceTree = "<group>";
		};
		DAAAD2831CD5CFA5008E0F76 /* Sounds */ = {
			isa = PBXGroup;
			children = (
				DAAAD2841CD5CFC5008E0F76 /* metronomeBeat.wav */,
				DAAAD2851CD5CFC5008E0F76 /* metronomeDownbeat.wav */,
			);
			name = Sounds;
			sourceTree = "<group>";
		};
/* End PBXGroup section */

/* Begin PBXNativeTarget section */
		DA1276F61CCBD5F500A3F4EF /* Muse of Music */ = {
			isa = PBXNativeTarget;
			buildConfigurationList = DA12771F1CCBD5F500A3F4EF /* Build configuration list for PBXNativeTarget "Muse of Music" */;
			buildPhases = (
				DA1276F31CCBD5F500A3F4EF /* Sources */,
				DA1276F41CCBD5F500A3F4EF /* Frameworks */,
				DA1276F51CCBD5F500A3F4EF /* Resources */,
				DAAAD2791CD473E9008E0F76 /* Embed Frameworks */,
			);
			buildRules = (
			);
			dependencies = (
			);
			name = "Muse of Music";
			productName = "Muse of Music";
			productReference = DA1276F71CCBD5F500A3F4EF /* Muse of Music.app */;
			productType = "com.apple.product-type.application";
		};
		DA12770A1CCBD5F500A3F4EF /* Muse of MusicTests */ = {
			isa = PBXNativeTarget;
			buildConfigurationList = DA1277221CCBD5F500A3F4EF /* Build configuration list for PBXNativeTarget "Muse of MusicTests" */;
			buildPhases = (
				DA1277071CCBD5F500A3F4EF /* Sources */,
				DA1277081CCBD5F500A3F4EF /* Frameworks */,
				DA1277091CCBD5F500A3F4EF /* Resources */,
			);
			buildRules = (
			);
			dependencies = (
				DA12770D1CCBD5F500A3F4EF /* PBXTargetDependency */,
			);
			name = "Muse of MusicTests";
			productName = "Muse of MusicTests";
			productReference = DA12770B1CCBD5F500A3F4EF /* Muse of MusicTests.xctest */;
			productType = "com.apple.product-type.bundle.unit-test";
		};
		DA1277151CCBD5F500A3F4EF /* Muse of MusicUITests */ = {
			isa = PBXNativeTarget;
			buildConfigurationList = DA1277251CCBD5F500A3F4EF /* Build configuration list for PBXNativeTarget "Muse of MusicUITests" */;
			buildPhases = (
				DA1277121CCBD5F500A3F4EF /* Sources */,
				DA1277131CCBD5F500A3F4EF /* Frameworks */,
				DA1277141CCBD5F500A3F4EF /* Resources */,
			);
			buildRules = (
			);
			dependencies = (
				DA1277181CCBD5F500A3F4EF /* PBXTargetDependency */,
			);
			name = "Muse of MusicUITests";
			productName = "Muse of MusicUITests";
			productReference = DA1277161CCBD5F500A3F4EF /* Muse of MusicUITests.xctest */;
			productType = "com.apple.product-type.bundle.ui-testing";
		};
/* End PBXNativeTarget section */

/* Begin PBXProject section */
		DA1276EF1CCBD5F500A3F4EF /* Project object */ = {
			isa = PBXProject;
			attributes = {
				LastSwiftUpdateCheck = 0730;
				LastUpgradeCheck = 0730;
				ORGANIZATIONNAME = "Dustin Watts";
				TargetAttributes = {
					DA1276F61CCBD5F500A3F4EF = {
						CreatedOnToolsVersion = 7.3;
					};
					DA12770A1CCBD5F500A3F4EF = {
						CreatedOnToolsVersion = 7.3;
						TestTargetID = DA1276F61CCBD5F500A3F4EF;
					};
					DA1277151CCBD5F500A3F4EF = {
						CreatedOnToolsVersion = 7.3;
						TestTargetID = DA1276F61CCBD5F500A3F4EF;
					};
				};
			};
			buildConfigurationList = DA1276F21CCBD5F500A3F4EF /* Build configuration list for PBXProject "Muse of Music" */;
			compatibilityVersion = "Xcode 3.2";
			developmentRegion = English;
			hasScannedForEncodings = 0;
			knownRegions = (
				en,
				Base,
			);
			mainGroup = DA1276EE1CCBD5F500A3F4EF;
			productRefGroup = DA1276F81CCBD5F500A3F4EF /* Products */;
			projectDirPath = "";
			projectRoot = "";
			targets = (
				DA1276F61CCBD5F500A3F4EF /* Muse of Music */,
				DA12770A1CCBD5F500A3F4EF /* Muse of MusicTests */,
				DA1277151CCBD5F500A3F4EF /* Muse of MusicUITests */,
			);
		};
/* End PBXProject section */

/* Begin PBXResourcesBuildPhase section */
		DA1276F51CCBD5F500A3F4EF /* Resources */ = {
			isa = PBXResourcesBuildPhase;
			buildActionMask = 2147483647;
			files = (
				DA1277051CCBD5F500A3F4EF /* LaunchScreen.storyboard in Resources */,
				DAAAD2871CD5CFC5008E0F76 /* metronomeDownbeat.wav in Resources */,
				DA12772D1CCDBFB300A3F4EF /* musicNotation.sks in Resources */,
				DA1277021CCBD5F500A3F4EF /* Assets.xcassets in Resources */,
				DAAAD2861CD5CFC5008E0F76 /* metronomeBeat.wav in Resources */,
				DA1277001CCBD5F500A3F4EF /* Main.storyboard in Resources */,
			);
			runOnlyForDeploymentPostprocessing = 0;
		};
		DA1277091CCBD5F500A3F4EF /* Resources */ = {
			isa = PBXResourcesBuildPhase;
			buildActionMask = 2147483647;
			files = (
			);
			runOnlyForDeploymentPostprocessing = 0;
		};
		DA1277141CCBD5F500A3F4EF /* Resources */ = {
			isa = PBXResourcesBuildPhase;
			buildActionMask = 2147483647;
			files = (
			);
			runOnlyForDeploymentPostprocessing = 0;
		};
/* End PBXResourcesBuildPhase section */

/* Begin PBXSourcesBuildPhase section */
		DA1276F31CCBD5F500A3F4EF /* Sources */ = {
			isa = PBXSourcesBuildPhase;
			buildActionMask = 2147483647;
			files = (
				DAAAD2731CD464CF008E0F76 /* ScaleViewController.swift in Sources */,
				DAAAD2891CD70449008E0F76 /* MetronomeViewController.swift in Sources */,
				DA1277291CCBE85300A3F4EF /* VideosViewController.swift in Sources */,
				DA1276FD1CCBD5F500A3F4EF /* ViewController.swift in Sources */,
				DAAAD2751CD465AA008E0F76 /* AVTonePlayerUnit.swift in Sources */,
				DA12772B1CCBF73300A3F4EF /* VideoListViewController.swift in Sources */,
				DA1277311CD1684A00A3F4EF /* circleOfFifthsViewController.swift in Sources */,
				DA12772F1CCDC35300A3F4EF /* musicNotation.swift in Sources */,
				DA1276FB1CCBD5F500A3F4EF /* AppDelegate.swift in Sources */,
			);
			runOnlyForDeploymentPostprocessing = 0;
		};
		DA1277071CCBD5F500A3F4EF /* Sources */ = {
			isa = PBXSourcesBuildPhase;
			buildActionMask = 2147483647;
			files = (
				DA1277101CCBD5F500A3F4EF /* Muse_of_MusicTests.swift in Sources */,
			);
			runOnlyForDeploymentPostprocessing = 0;
		};
		DA1277121CCBD5F500A3F4EF /* Sources */ = {
			isa = PBXSourcesBuildPhase;
			buildActionMask = 2147483647;
			files = (
				DA12771B1CCBD5F500A3F4EF /* Muse_of_MusicUITests.swift in Sources */,
			);
			runOnlyForDeploymentPostprocessing = 0;
		};
/* End PBXSourcesBuildPhase section */

/* Begin PBXTargetDependency section */
		DA12770D1CCBD5F500A3F4EF /* PBXTargetDependency */ = {
			isa = PBXTargetDependency;
			target = DA1276F61CCBD5F500A3F4EF /* Muse of Music */;
			targetProxy = DA12770C1CCBD5F500A3F4EF /* PBXContainerItemProxy */;
		};
		DA1277181CCBD5F500A3F4EF /* PBXTargetDependency */ = {
			isa = PBXTargetDependency;
			target = DA1276F61CCBD5F500A3F4EF /* Muse of Music */;
			targetProxy = DA1277171CCBD5F500A3F4EF /* PBXContainerItemProxy */;
		};
/* End PBXTargetDependency section */

/* Begin PBXVariantGroup section */
		DA1276FE1CCBD5F500A3F4EF /* Main.storyboard */ = {
			isa = PBXVariantGroup;
			children = (
				DA1276FF1CCBD5F500A3F4EF /* Base */,
			);
			name = Main.storyboard;
			sourceTree = "<group>";
		};
		DA1277031CCBD5F500A3F4EF /* LaunchScreen.storyboard */ = {
			isa = PBXVariantGroup;
			children = (
				DA1277041CCBD5F500A3F4EF /* Base */,
			);
			name = LaunchScreen.storyboard;
			sourceTree = "<group>";
		};
/* End PBXVariantGroup section */

/* Begin XCBuildConfiguration section */
		DA12771D1CCBD5F500A3F4EF /* Debug */ = {
			isa = XCBuildConfiguration;
			buildSettings = {
				ALWAYS_SEARCH_USER_PATHS = NO;
				CLANG_ANALYZER_NONNULL = YES;
				CLANG_CXX_LANGUAGE_STANDARD = "gnu++0x";
				CLANG_CXX_LIBRARY = "libc++";
				CLANG_ENABLE_MODULES = YES;
				CLANG_ENABLE_OBJC_ARC = YES;
				CLANG_WARN_BOOL_CONVERSION = YES;
				CLANG_WARN_CONSTANT_CONVERSION = YES;
				CLANG_WARN_DIRECT_OBJC_ISA_USAGE = YES_ERROR;
				CLANG_WARN_EMPTY_BODY = YES;
				CLANG_WARN_ENUM_CONVERSION = YES;
				CLANG_WARN_INT_CONVERSION = YES;
				CLANG_WARN_OBJC_ROOT_CLASS = YES_ERROR;
				CLANG_WARN_UNREACHABLE_CODE = YES;
				CLANG_WARN__DUPLICATE_METHOD_MATCH = YES;
				"CODE_SIGN_IDENTITY[sdk=iphoneos*]" = "iPhone Developer";
				COPY_PHASE_STRIP = NO;
				DEBUG_INFORMATION_FORMAT = dwarf;
				ENABLE_STRICT_OBJC_MSGSEND = YES;
				ENABLE_TESTABILITY = YES;
				GCC_C_LANGUAGE_STANDARD = gnu99;
				GCC_DYNAMIC_NO_PIC = NO;
				GCC_NO_COMMON_BLOCKS = YES;
				GCC_OPTIMIZATION_LEVEL = 0;
				GCC_PREPROCESSOR_DEFINITIONS = (
					"DEBUG=1",
					"$(inherited)",
				);
				GCC_WARN_64_TO_32_BIT_CONVERSION = YES;
				GCC_WARN_ABOUT_RETURN_TYPE = YES_ERROR;
				GCC_WARN_UNDECLARED_SELECTOR = YES;
				GCC_WARN_UNINITIALIZED_AUTOS = YES_AGGRESSIVE;
				GCC_WARN_UNUSED_FUNCTION = YES;
				GCC_WARN_UNUSED_VARIABLE = YES;
				IPHONEOS_DEPLOYMENT_TARGET = 9.3;
				MTL_ENABLE_DEBUG_INFO = YES;
				ONLY_ACTIVE_ARCH = YES;
				SDKROOT = iphoneos;
				SWIFT_OPTIMIZATION_LEVEL = "-Onone";
				TARGETED_DEVICE_FAMILY = "1,2";
			};
			name = Debug;
		};
		DA12771E1CCBD5F500A3F4EF /* Release */ = {
			isa = XCBuildConfiguration;
			buildSettings = {
				ALWAYS_SEARCH_USER_PATHS = NO;
				CLANG_ANALYZER_NONNULL = YES;
				CLANG_CXX_LANGUAGE_STANDARD = "gnu++0x";
				CLANG_CXX_LIBRARY = "libc++";
				CLANG_ENABLE_MODULES = YES;
				CLANG_ENABLE_OBJC_ARC = YES;
				CLANG_WARN_BOOL_CONVERSION = YES;
				CLANG_WARN_CONSTANT_CONVERSION = YES;
				CLANG_WARN_DIRECT_OBJC_ISA_USAGE = YES_ERROR;
				CLANG_WARN_EMPTY_BODY = YES;
				CLANG_WARN_ENUM_CONVERSION = YES;
				CLANG_WARN_INT_CONVERSION = YES;
				CLANG_WARN_OBJC_ROOT_CLASS = YES_ERROR;
				CLANG_WARN_UNREACHABLE_CODE = YES;
				CLANG_WARN__DUPLICATE_METHOD_MATCH = YES;
				"CODE_SIGN_IDENTITY[sdk=iphoneos*]" = "iPhone Developer";
				COPY_PHASE_STRIP = NO;
				DEBUG_INFORMATION_FORMAT = "dwarf-with-dsym";
				ENABLE_NS_ASSERTIONS = NO;
				ENABLE_STRICT_OBJC_MSGSEND = YES;
				GCC_C_LANGUAGE_STANDARD = gnu99;
				GCC_NO_COMMON_BLOCKS = YES;
				GCC_WARN_64_TO_32_BIT_CONVERSION = YES;
				GCC_WARN_ABOUT_RETURN_TYPE = YES_ERROR;
				GCC_WARN_UNDECLARED_SELECTOR = YES;
				GCC_WARN_UNINITIALIZED_AUTOS = YES_AGGRESSIVE;
				GCC_WARN_UNUSED_FUNCTION = YES;
				GCC_WARN_UNUSED_VARIABLE = YES;
				IPHONEOS_DEPLOYMENT_TARGET = 9.3;
				MTL_ENABLE_DEBUG_INFO = NO;
				SDKROOT = iphoneos;
				TARGETED_DEVICE_FAMILY = "1,2";
				VALIDATE_PRODUCT = YES;
			};
			name = Release;
		};
		DA1277201CCBD5F500A3F4EF /* Debug */ = {
			isa = XCBuildConfiguration;
			buildSettings = {
				ASSETCATALOG_COMPILER_APPICON_NAME = AppIcon;
				FRAMEWORK_SEARCH_PATHS = (
					"$(inherited)",
					"$(PROJECT_DIR)",
				);
				INFOPLIST_FILE = "Muse of Music/Info.plist";
				LD_RUNPATH_SEARCH_PATHS = "$(inherited) @executable_path/Frameworks";
				PRODUCT_BUNDLE_IDENTIFIER = "com.gigwatts.Muse-of-Music";
				PRODUCT_NAME = "$(TARGET_NAME)";
			};
			name = Debug;
		};
		DA1277211CCBD5F500A3F4EF /* Release */ = {
			isa = XCBuildConfiguration;
			buildSettings = {
				ASSETCATALOG_COMPILER_APPICON_NAME = AppIcon;
				FRAMEWORK_SEARCH_PATHS = (
					"$(inherited)",
					"$(PROJECT_DIR)",
				);
				INFOPLIST_FILE = "Muse of Music/Info.plist";
				LD_RUNPATH_SEARCH_PATHS = "$(inherited) @executable_path/Frameworks";
				PRODUCT_BUNDLE_IDENTIFIER = "com.gigwatts.Muse-of-Music";
				PRODUCT_NAME = "$(TARGET_NAME)";
			};
			name = Release;
		};
		DA1277231CCBD5F500A3F4EF /* Debug */ = {
			isa = XCBuildConfiguration;
			buildSettings = {
				BUNDLE_LOADER = "$(TEST_HOST)";
				INFOPLIST_FILE = "Muse of MusicTests/Info.plist";
				LD_RUNPATH_SEARCH_PATHS = "$(inherited) @executable_path/Frameworks @loader_path/Frameworks";
				PRODUCT_BUNDLE_IDENTIFIER = "com.gigwatts.Muse-of-MusicTests";
				PRODUCT_NAME = "$(TARGET_NAME)";
				TEST_HOST = "$(BUILT_PRODUCTS_DIR)/Muse of Music.app/Muse of Music";
			};
			name = Debug;
		};
		DA1277241CCBD5F500A3F4EF /* Release */ = {
			isa = XCBuildConfiguration;
			buildSettings = {
				BUNDLE_LOADER = "$(TEST_HOST)";
				INFOPLIST_FILE = "Muse of MusicTests/Info.plist";
				LD_RUNPATH_SEARCH_PATHS = "$(inherited) @executable_path/Frameworks @loader_path/Frameworks";
				PRODUCT_BUNDLE_IDENTIFIER = "com.gigwatts.Muse-of-MusicTests";
				PRODUCT_NAME = "$(TARGET_NAME)";
				TEST_HOST = "$(BUILT_PRODUCTS_DIR)/Muse of Music.app/Muse of Music";
			};
			name = Release;
		};
		DA1277261CCBD5F500A3F4EF /* Debug */ = {
			isa = XCBuildConfiguration;
			buildSettings = {
				INFOPLIST_FILE = "Muse of MusicUITests/Info.plist";
				LD_RUNPATH_SEARCH_PATHS = "$(inherited) @executable_path/Frameworks @loader_path/Frameworks";
				PRODUCT_BUNDLE_IDENTIFIER = "com.gigwatts.Muse-of-MusicUITests";
				PRODUCT_NAME = "$(TARGET_NAME)";
				TEST_TARGET_NAME = "Muse of Music";
			};
			name = Debug;
		};
		DA1277271CCBD5F500A3F4EF /* Release */ = {
			isa = XCBuildConfiguration;
			buildSettings = {
				INFOPLIST_FILE = "Muse of MusicUITests/Info.plist";
				LD_RUNPATH_SEARCH_PATHS = "$(inherited) @executable_path/Frameworks @loader_path/Frameworks";
				PRODUCT_BUNDLE_IDENTIFIER = "com.gigwatts.Muse-of-MusicUITests";
				PRODUCT_NAME = "$(TARGET_NAME)";
				TEST_TARGET_NAME = "Muse of Music";
			};
			name = Release;
		};
/* End XCBuildConfiguration section */

/* Begin XCConfigurationList section */
		DA1276F21CCBD5F500A3F4EF /* Build configuration list for PBXProject "Muse of Music" */ = {
			isa = XCConfigurationList;
			buildConfigurations = (
				DA12771D1CCBD5F500A3F4EF /* Debug */,
				DA12771E1CCBD5F500A3F4EF /* Release */,
			);
			defaultConfigurationIsVisible = 0;
			defaultConfigurationName = Release;
		};
		DA12771F1CCBD5F500A3F4EF /* Build configuration list for PBXNativeTarget "Muse of Music" */ = {
			isa = XCConfigurationList;
			buildConfigurations = (
				DA1277201CCBD5F500A3F4EF /* Debug */,
				DA1277211CCBD5F500A3F4EF /* Release */,
			);
			defaultConfigurationIsVisible = 0;
			defaultConfigurationName = Release;
		};
		DA1277221CCBD5F500A3F4EF /* Build configuration list for PBXNativeTarget "Muse of MusicTests" */ = {
			isa = XCConfigurationList;
			buildConfigurations = (
				DA1277231CCBD5F500A3F4EF /* Debug */,
				DA1277241CCBD5F500A3F4EF /* Release */,
			);
			defaultConfigurationIsVisible = 0;
			defaultConfigurationName = Release;
		};
		DA1277251CCBD5F500A3F4EF /* Build configuration list for PBXNativeTarget "Muse of MusicUITests" */ = {
			isa = XCConfigurationList;
			buildConfigurations = (
				DA1277261CCBD5F500A3F4EF /* Debug */,
				DA1277271CCBD5F500A3F4EF /* Release */,
			);
			defaultConfigurationIsVisible = 0;
			defaultConfigurationName = Release;
		};
/* End XCConfigurationList section */
	};
	rootObject = DA1276EF1CCBD5F500A3F4EF /* Project object */;
}
